
Microsoft Visual Studio Solution File, Format Version 12.00
# Visual Studio Version 17
VisualStudioVersion = 17.3.32901.215
MinimumVisualStudioVersion = 10.0.40219.1
Project("{FAE04EC0-301F-11D3-BF4B-00C04F79EFBC}") = "Задание 3", "Задание 3\Задание 3.csproj", "{BDF605B1-2AC2-4634-BEAF-4C913FDF413C}"
EndProject
Global
	GlobalSection(SolutionConfigurationPlatforms) = preSolution
		Debug|Any CPU = Debug|Any CPU
		Release|Any CPU = Release|Any CPU
	EndGlobalSection
	GlobalSection(ProjectConfigurationPlatforms) = postSolution
		{BDF605B1-2AC2-4634-BEAF-4C913FDF413C}.Debug|Any CPU.ActiveCfg = Debug|Any CPU
		{BDF605B1-2AC2-4634-BEAF-4C913FDF413C}.Debug|Any CPU.Build.0 = Debug|Any CPU
		{BDF605B1-2AC2-4634-BEAF-4C913FDF413C}.Release|Any CPU.ActiveCfg = Release|Any CPU
		{BDF605B1-2AC2-4634-BEAF-4C913FDF413C}.Release|Any CPU.Build.0 = Release|Any CPU
	EndGlobalSection
	GlobalSection(SolutionProperties) = preSolution
		HideSolutionNode = FALSE
	EndGlobalSection
	GlobalSection(ExtensibilityGlobals) = postSolution
		SolutionGuid = {EE721E9C-7B3C-4662-9364-EDF4DE6E53D2}
	EndGlobalSection
EndGlobal
